
Microsoft Visual Studio Solution File, Format Version 12.00
# Visual Studio 15
VisualStudioVersion = 15.0.27004.2005
MinimumVisualStudioVersion = 10.0.40219.1
Project("{FAE04EC0-301F-11D3-BF4B-00C04F79EFBC}") = "bookmarksApplication", "bookmarksApplication\bookmarksApplication.csproj", "{4A2FB3FB-9178-414C-A0FE-3F8676C2C63B}"
EndProject
Global
	GlobalSection(SolutionConfigurationPlatforms) = preSolution
		Debug|Any CPU = Debug|Any CPU
		Release|Any CPU = Release|Any CPU
	EndGlobalSection
	GlobalSection(ProjectConfigurationPlatforms) = postSolution
		{4A2FB3FB-9178-414C-A0FE-3F8676C2C63B}.Debug|Any CPU.ActiveCfg = Debug|Any CPU
		{4A2FB3FB-9178-414C-A0FE-3F8676C2C63B}.Debug|Any CPU.Build.0 = Debug|Any CPU
		{4A2FB3FB-9178-414C-A0FE-3F8676C2C63B}.Release|Any CPU.ActiveCfg = Release|Any CPU
		{4A2FB3FB-9178-414C-A0FE-3F8676C2C63B}.Release|Any CPU.Build.0 = Release|Any CPU
	EndGlobalSection
	GlobalSection(SolutionProperties) = preSolution
		HideSolutionNode = FALSE
	EndGlobalSection
	GlobalSection(ExtensibilityGlobals) = postSolution
		SolutionGuid = {8E5D0906-88C5-4603-97E8-15AB6A9C6E69}
	EndGlobalSection
EndGlobal
